
Microsoft Visual Studio Solution File, Format Version 12.00
# Visual Studio Version 16
VisualStudioVersion = 16.0.30204.135
MinimumVisualStudioVersion = 10.0.40219.1
Project("{9A19103F-16F7-4668-BE54-9A1E7A4F7556}") = "GiftSystem", "GiftSystem\GiftSystem.csproj", "{AE186881-538D-44C6-A7A9-9301EB1A3475}"
EndProject
Project("{FAE04EC0-301F-11D3-BF4B-00C04F79EFBC}") = "GiftSystem.Tests", "GiftSystem.Tests\GiftSystem.Tests.csproj", "{5CA7EE48-61A1-43C4-8D7B-A27BCE8429B6}"
	ProjectSection(ProjectDependencies) = postProject
		{AE186881-538D-44C6-A7A9-9301EB1A3475} = {AE186881-538D-44C6-A7A9-9301EB1A3475}
	EndProjectSection
EndProject
Global
	GlobalSection(SolutionConfigurationPlatforms) = preSolution
		Debug|Any CPU = Debug|Any CPU
		Release|Any CPU = Release|Any CPU
	EndGlobalSection
	GlobalSection(ProjectConfigurationPlatforms) = postSolution
		{AE186881-538D-44C6-A7A9-9301EB1A3475}.Debug|Any CPU.ActiveCfg = Debug|Any CPU
		{AE186881-538D-44C6-A7A9-9301EB1A3475}.Debug|Any CPU.Build.0 = Debug|Any CPU
		{AE186881-538D-44C6-A7A9-9301EB1A3475}.Release|Any CPU.ActiveCfg = Release|Any CPU
		{AE186881-538D-44C6-A7A9-9301EB1A3475}.Release|Any CPU.Build.0 = Release|Any CPU
		{5CA7EE48-61A1-43C4-8D7B-A27BCE8429B6}.Debug|Any CPU.ActiveCfg = Debug|Any CPU
		{5CA7EE48-61A1-43C4-8D7B-A27BCE8429B6}.Debug|Any CPU.Build.0 = Debug|Any CPU
		{5CA7EE48-61A1-43C4-8D7B-A27BCE8429B6}.Release|Any CPU.ActiveCfg = Release|Any CPU
		{5CA7EE48-61A1-43C4-8D7B-A27BCE8429B6}.Release|Any CPU.Build.0 = Release|Any CPU
	EndGlobalSection
	GlobalSection(SolutionProperties) = preSolution
		HideSolutionNode = FALSE
	EndGlobalSection
	GlobalSection(ExtensibilityGlobals) = postSolution
		SolutionGuid = {09F10109-8D2B-456A-ACEB-3C1FB2BA7785}
	EndGlobalSection
EndGlobal
